// !$*UTF8*$!
{
	archiveVersion = 1;
	classes = {
	};
	objectVersion = 50;
	objects = {

/* Begin PBXBuildFile section */
		191A2903213FB94100DC21B2 /* Makefile in Sources */ = {isa = PBXBuildFile; fileRef = 191A2902213FB94100DC21B2 /* Makefile */; };
		191A2911213FB96000DC21B2 /* output.cpp in Sources */ = {isa = PBXBuildFile; fileRef = 191A2904213FB95F00DC21B2 /* output.cpp */; };
		191A2912213FB96000DC21B2 /* ybase.cpp in Sources */ = {isa = PBXBuildFile; fileRef = 191A2905213FB95F00DC21B2 /* ybase.cpp */; };
		191A2913213FB96000DC21B2 /* ParseFlatfile.cpp in Sources */ = {isa = PBXBuildFile; fileRef = 191A2906213FB95F00DC21B2 /* ParseFlatfile.cpp */; };
		191A2914213FB96000DC21B2 /* bGeno.cpp in Sources */ = {isa = PBXBuildFile; fileRef = 191A290A213FB95F00DC21B2 /* bGeno.cpp */; };
		191A2915213FB96000DC21B2 /* bed2.cpp in Sources */ = {isa = PBXBuildFile; fileRef = 191A290C213FB95F00DC21B2 /* bed2.cpp */; };
		191A2916213FB96000DC21B2 /* locus.cpp in Sources */ = {isa = PBXBuildFile; fileRef = 191A290D213FB95F00DC21B2 /* locus.cpp */; };
		191A2917213FB96000DC21B2 /* flatfile.cpp in Sources */ = {isa = PBXBuildFile; fileRef = 191A290E213FB95F00DC21B2 /* flatfile.cpp */; };
		191A291A213FB9A600DC21B2 /* libz.tbd in Frameworks */ = {isa = PBXBuildFile; fileRef = 191A2919213FB9A600DC21B2 /* libz.tbd */; };
/* End PBXBuildFile section */

/* Begin PBXCopyFilesBuildPhase section */
		191A28E2213FB91A00DC21B2 /* CopyFiles */ = {
			isa = PBXCopyFilesBuildPhase;
			buildActionMask = 2147483647;
			dstPath = /usr/share/man/man1/;
			dstSubfolderSpec = 0;
			files = (
			);
			runOnlyForDeploymentPostprocessing = 1;
		};
/* End PBXCopyFilesBuildPhase section */

/* Begin PBXFileReference section */
		191A28E4213FB91A00DC21B2 /* ParseFlatfile */ = {isa = PBXFileReference; explicitFileType = "compiled.mach-o.executable"; includeInIndex = 0; path = ParseFlatfile; sourceTree = BUILT_PRODUCTS_DIR; };
		191A2902213FB94100DC21B2 /* Makefile */ = {isa = PBXFileReference; fileEncoding = 4; lastKnownFileType = sourcecode.make; path = Makefile; sourceTree = "<group>"; };
		191A2904213FB95F00DC21B2 /* output.cpp */ = {isa = PBXFileReference; fileEncoding = 4; lastKnownFileType = sourcecode.cpp.cpp; path = output.cpp; sourceTree = "<group>"; };
		191A2905213FB95F00DC21B2 /* ybase.cpp */ = {isa = PBXFileReference; fileEncoding = 4; lastKnownFileType = sourcecode.cpp.cpp; path = ybase.cpp; sourceTree = "<group>"; };
		191A2906213FB95F00DC21B2 /* ParseFlatfile.cpp */ = {isa = PBXFileReference; fileEncoding = 4; lastKnownFileType = sourcecode.cpp.cpp; path = ParseFlatfile.cpp; sourceTree = "<group>"; };
		191A2907213FB95F00DC21B2 /* ybase.h */ = {isa = PBXFileReference; fileEncoding = 4; lastKnownFileType = sourcecode.c.h; path = ybase.h; sourceTree = "<group>"; };
		191A2908213FB95F00DC21B2 /* flatfile.h */ = {isa = PBXFileReference; fileEncoding = 4; lastKnownFileType = sourcecode.c.h; path = flatfile.h; sourceTree = "<group>"; };
		191A2909213FB95F00DC21B2 /* output.h */ = {isa = PBXFileReference; fileEncoding = 4; lastKnownFileType = sourcecode.c.h; path = output.h; sourceTree = "<group>"; };
		191A290A213FB95F00DC21B2 /* bGeno.cpp */ = {isa = PBXFileReference; fileEncoding = 4; lastKnownFileType = sourcecode.cpp.cpp; path = bGeno.cpp; sourceTree = "<group>"; };
		191A290B213FB95F00DC21B2 /* locus.h */ = {isa = PBXFileReference; fileEncoding = 4; lastKnownFileType = sourcecode.c.h; path = locus.h; sourceTree = "<group>"; };
		191A290C213FB95F00DC21B2 /* bed2.cpp */ = {isa = PBXFileReference; fileEncoding = 4; lastKnownFileType = sourcecode.cpp.cpp; path = bed2.cpp; sourceTree = "<group>"; };
		191A290D213FB95F00DC21B2 /* locus.cpp */ = {isa = PBXFileReference; fileEncoding = 4; lastKnownFileType = sourcecode.cpp.cpp; path = locus.cpp; sourceTree = "<group>"; };
		191A290E213FB95F00DC21B2 /* flatfile.cpp */ = {isa = PBXFileReference; fileEncoding = 4; lastKnownFileType = sourcecode.cpp.cpp; path = flatfile.cpp; sourceTree = "<group>"; };
		191A290F213FB95F00DC21B2 /* bGeno.h */ = {isa = PBXFileReference; fileEncoding = 4; lastKnownFileType = sourcecode.c.h; path = bGeno.h; sourceTree = "<group>"; };
		191A2910213FB95F00DC21B2 /* bed2.h */ = {isa = PBXFileReference; fileEncoding = 4; lastKnownFileType = sourcecode.c.h; path = bed2.h; sourceTree = "<group>"; };
		191A2919213FB9A600DC21B2 /* libz.tbd */ = {isa = PBXFileReference; lastKnownFileType = "sourcecode.text-based-dylib-definition"; name = libz.tbd; path = usr/lib/libz.tbd; sourceTree = SDKROOT; };
		191A291B213FBA9A00DC21B2 /* COPYING */ = {isa = PBXFileReference; lastKnownFileType = text; path = COPYING; sourceTree = "<group>"; };
		191A291C213FBAAB00DC21B2 /* README.md */ = {isa = PBXFileReference; lastKnownFileType = net.daringfireball.markdown; path = README.md; sourceTree = "<group>"; };
/* End PBXFileReference section */

/* Begin PBXFrameworksBuildPhase section */
		191A28E1213FB91A00DC21B2 /* Frameworks */ = {
			isa = PBXFrameworksBuildPhase;
			buildActionMask = 2147483647;
			files = (
				191A291A213FB9A600DC21B2 /* libz.tbd in Frameworks */,
			);
			runOnlyForDeploymentPostprocessing = 0;
		};
/* End PBXFrameworksBuildPhase section */

/* Begin PBXGroup section */
		191A28DB213FB91A00DC21B2 = {
			isa = PBXGroup;
			children = (
				191A291C213FBAAB00DC21B2 /* README.md */,
				191A291B213FBA9A00DC21B2 /* COPYING */,
				191A2902213FB94100DC21B2 /* Makefile */,
				191A28E6213FB91A00DC21B2 /* src */,
				191A28E5213FB91A00DC21B2 /* Products */,
				191A2918213FB9A600DC21B2 /* Frameworks */,
			);
			sourceTree = "<group>";
		};
		191A28E5213FB91A00DC21B2 /* Products */ = {
			isa = PBXGroup;
			children = (
				191A28E4213FB91A00DC21B2 /* ParseFlatfile */,
			);
			name = Products;
			sourceTree = "<group>";
		};
		191A28E6213FB91A00DC21B2 /* src */ = {
			isa = PBXGroup;
			children = (
				191A290C213FB95F00DC21B2 /* bed2.cpp */,
				191A2910213FB95F00DC21B2 /* bed2.h */,
				191A290A213FB95F00DC21B2 /* bGeno.cpp */,
				191A290F213FB95F00DC21B2 /* bGeno.h */,
				191A290E213FB95F00DC21B2 /* flatfile.cpp */,
				191A2908213FB95F00DC21B2 /* flatfile.h */,
				191A290D213FB95F00DC21B2 /* locus.cpp */,
				191A290B213FB95F00DC21B2 /* locus.h */,
				191A2904213FB95F00DC21B2 /* output.cpp */,
				191A2909213FB95F00DC21B2 /* output.h */,
				191A2906213FB95F00DC21B2 /* ParseFlatfile.cpp */,
				191A2905213FB95F00DC21B2 /* ybase.cpp */,
				191A2907213FB95F00DC21B2 /* ybase.h */,
			);
			path = src;
			sourceTree = "<group>";
		};
		191A2918213FB9A600DC21B2 /* Frameworks */ = {
			isa = PBXGroup;
			children = (
				191A2919213FB9A600DC21B2 /* libz.tbd */,
			);
			name = Frameworks;
			sourceTree = "<group>";
		};
/* End PBXGroup section */

/* Begin PBXNativeTarget section */
		191A28E3213FB91A00DC21B2 /* ParseFlatfile */ = {
			isa = PBXNativeTarget;
			buildConfigurationList = 191A28EB213FB91A00DC21B2 /* Build configuration list for PBXNativeTarget "ParseFlatfile" */;
			buildPhases = (
				191A28E0213FB91A00DC21B2 /* Sources */,
				191A28E1213FB91A00DC21B2 /* Frameworks */,
				191A28E2213FB91A00DC21B2 /* CopyFiles */,
			);
			buildRules = (
			);
			dependencies = (
			);
			name = ParseFlatfile;
			productName = ParseFlatfile;
			productReference = 191A28E4213FB91A00DC21B2 /* ParseFlatfile */;
			productType = "com.apple.product-type.tool";
		};
/* End PBXNativeTarget section */

/* Begin PBXProject section */
		191A28DC213FB91A00DC21B2 /* Project object */ = {
			isa = PBXProject;
			attributes = {
				LastUpgradeCheck = 0940;
				ORGANIZATIONNAME = "鎌谷洋一郎";
				TargetAttributes = {
					191A28E3213FB91A00DC21B2 = {
						CreatedOnToolsVersion = 9.4.1;
					};
				};
			};
			buildConfigurationList = 191A28DF213FB91A00DC21B2 /* Build configuration list for PBXProject "ParseFlatfile" */;
			compatibilityVersion = "Xcode 9.3";
			developmentRegion = en;
			hasScannedForEncodings = 0;
			knownRegions = (
				en,
			);
			mainGroup = 191A28DB213FB91A00DC21B2;
			productRefGroup = 191A28E5213FB91A00DC21B2 /* Products */;
			projectDirPath = "";
			projectRoot = "";
			targets = (
				191A28E3213FB91A00DC21B2 /* ParseFlatfile */,
			);
		};
/* End PBXProject section */

/* Begin PBXSourcesBuildPhase section */
		191A28E0213FB91A00DC21B2 /* Sources */ = {
			isa = PBXSourcesBuildPhase;
			buildActionMask = 2147483647;
			files = (
				191A2917213FB96000DC21B2 /* flatfile.cpp in Sources */,
				191A2916213FB96000DC21B2 /* locus.cpp in Sources */,
				191A2903213FB94100DC21B2 /* Makefile in Sources */,
				191A2914213FB96000DC21B2 /* bGeno.cpp in Sources */,
				191A2915213FB96000DC21B2 /* bed2.cpp in Sources */,
				191A2912213FB96000DC21B2 /* ybase.cpp in Sources */,
				191A2911213FB96000DC21B2 /* output.cpp in Sources */,
				191A2913213FB96000DC21B2 /* ParseFlatfile.cpp in Sources */,
			);
			runOnlyForDeploymentPostprocessing = 0;
		};
/* End PBXSourcesBuildPhase section */

/* Begin XCBuildConfiguration section */
		191A28E9213FB91A00DC21B2 /* Debug */ = {
			isa = XCBuildConfiguration;
			buildSettings = {
				ALWAYS_SEARCH_USER_PATHS = NO;
				CLANG_ANALYZER_NONNULL = YES;
				CLANG_ANALYZER_NUMBER_OBJECT_CONVERSION = YES_AGGRESSIVE;
				CLANG_CXX_LANGUAGE_STANDARD = "gnu++14";
				CLANG_CXX_LIBRARY = "libc++";
				CLANG_ENABLE_MODULES = YES;
				CLANG_ENABLE_OBJC_ARC = YES;
				CLANG_ENABLE_OBJC_WEAK = YES;
				CLANG_WARN_BLOCK_CAPTURE_AUTORELEASING = YES;
				CLANG_WARN_BOOL_CONVERSION = YES;
				CLANG_WARN_COMMA = YES;
				CLANG_WARN_CONSTANT_CONVERSION = YES;
				CLANG_WARN_DEPRECATED_OBJC_IMPLEMENTATIONS = YES;
				CLANG_WARN_DIRECT_OBJC_ISA_USAGE = YES_ERROR;
				CLANG_WARN_DOCUMENTATION_COMMENTS = YES;
				CLANG_WARN_EMPTY_BODY = YES;
				CLANG_WARN_ENUM_CONVERSION = YES;
				CLANG_WARN_INFINITE_RECURSION = YES;
				CLANG_WARN_INT_CONVERSION = YES;
				CLANG_WARN_NON_LITERAL_NULL_CONVERSION = YES;
				CLANG_WARN_OBJC_IMPLICIT_RETAIN_SELF = YES;
				CLANG_WARN_OBJC_LITERAL_CONVERSION = YES;
				CLANG_WARN_OBJC_ROOT_CLASS = YES_ERROR;
				CLANG_WARN_RANGE_LOOP_ANALYSIS = YES;
				CLANG_WARN_STRICT_PROTOTYPES = YES;
				CLANG_WARN_SUSPICIOUS_MOVE = YES;
				CLANG_WARN_UNGUARDED_AVAILABILITY = YES_AGGRESSIVE;
				CLANG_WARN_UNREACHABLE_CODE = YES;
				CLANG_WARN__DUPLICATE_METHOD_MATCH = YES;
				CODE_SIGN_IDENTITY = "-";
				COPY_PHASE_STRIP = NO;
				DEBUG_INFORMATION_FORMAT = dwarf;
				ENABLE_STRICT_OBJC_MSGSEND = YES;
				ENABLE_TESTABILITY = YES;
				GCC_C_LANGUAGE_STANDARD = gnu11;
				GCC_DYNAMIC_NO_PIC = NO;
				GCC_NO_COMMON_BLOCKS = YES;
				GCC_OPTIMIZATION_LEVEL = 0;
				GCC_PREPROCESSOR_DEFINITIONS = (
					"DEBUG=1",
					"$(inherited)",
				);
				GCC_WARN_64_TO_32_BIT_CONVERSION = YES;
				GCC_WARN_ABOUT_RETURN_TYPE = YES_ERROR;
				GCC_WARN_UNDECLARED_SELECTOR = YES;
				GCC_WARN_UNINITIALIZED_AUTOS = YES_AGGRESSIVE;
				GCC_WARN_UNUSED_FUNCTION = YES;
				GCC_WARN_UNUSED_VARIABLE = YES;
				MACOSX_DEPLOYMENT_TARGET = 10.13;
				MTL_ENABLE_DEBUG_INFO = YES;
				ONLY_ACTIVE_ARCH = YES;
				SDKROOT = macosx;
			};
			name = Debug;
		};
		191A28EA213FB91A00DC21B2 /* Release */ = {
			isa = XCBuildConfiguration;
			buildSettings = {
				ALWAYS_SEARCH_USER_PATHS = NO;
				CLANG_ANALYZER_NONNULL = YES;
				CLANG_ANALYZER_NUMBER_OBJECT_CONVERSION = YES_AGGRESSIVE;
				CLANG_CXX_LANGUAGE_STANDARD = "gnu++14";
				CLANG_CXX_LIBRARY = "libc++";
				CLANG_ENABLE_MODULES = YES;
				CLANG_ENABLE_OBJC_ARC = YES;
				CLANG_ENABLE_OBJC_WEAK = YES;
				CLANG_WARN_BLOCK_CAPTURE_AUTORELEASING = YES;
				CLANG_WARN_BOOL_CONVERSION = YES;
				CLANG_WARN_COMMA = YES;
				CLANG_WARN_CONSTANT_CONVERSION = YES;
				CLANG_WARN_DEPRECATED_OBJC_IMPLEMENTATIONS = YES;
				CLANG_WARN_DIRECT_OBJC_ISA_USAGE = YES_ERROR;
				CLANG_WARN_DOCUMENTATION_COMMENTS = YES;
				CLANG_WARN_EMPTY_BODY = YES;
				CLANG_WARN_ENUM_CONVERSION = YES;
				CLANG_WARN_INFINITE_RECURSION = YES;
				CLANG_WARN_INT_CONVERSION = YES;
				CLANG_WARN_NON_LITERAL_NULL_CONVERSION = YES;
				CLANG_WARN_OBJC_IMPLICIT_RETAIN_SELF = YES;
				CLANG_WARN_OBJC_LITERAL_CONVERSION = YES;
				CLANG_WARN_OBJC_ROOT_CLASS = YES_ERROR;
				CLANG_WARN_RANGE_LOOP_ANALYSIS = YES;
				CLANG_WARN_STRICT_PROTOTYPES = YES;
				CLANG_WARN_SUSPICIOUS_MOVE = YES;
				CLANG_WARN_UNGUARDED_AVAILABILITY = YES_AGGRESSIVE;
				CLANG_WARN_UNREACHABLE_CODE = YES;
				CLANG_WARN__DUPLICATE_METHOD_MATCH = YES;
				CODE_SIGN_IDENTITY = "-";
				COPY_PHASE_STRIP = NO;
				DEBUG_INFORMATION_FORMAT = "dwarf-with-dsym";
				ENABLE_NS_ASSERTIONS = NO;
				ENABLE_STRICT_OBJC_MSGSEND = YES;
				GCC_C_LANGUAGE_STANDARD = gnu11;
				GCC_NO_COMMON_BLOCKS = YES;
				GCC_WARN_64_TO_32_BIT_CONVERSION = YES;
				GCC_WARN_ABOUT_RETURN_TYPE = YES_ERROR;
				GCC_WARN_UNDECLARED_SELECTOR = YES;
				GCC_WARN_UNINITIALIZED_AUTOS = YES_AGGRESSIVE;
				GCC_WARN_UNUSED_FUNCTION = YES;
				GCC_WARN_UNUSED_VARIABLE = YES;
				MACOSX_DEPLOYMENT_TARGET = 10.13;
				MTL_ENABLE_DEBUG_INFO = NO;
				SDKROOT = macosx;
			};
			name = Release;
		};
		191A28EC213FB91A00DC21B2 /* Debug */ = {
			isa = XCBuildConfiguration;
			buildSettings = {
				CODE_SIGN_STYLE = Automatic;
				HEADER_SEARCH_PATHS = /usr/local/include;
				LIBRARY_SEARCH_PATHS = /usr/local/lib;
				PRODUCT_NAME = "$(TARGET_NAME)";
			};
			name = Debug;
		};
		191A28ED213FB91A00DC21B2 /* Release */ = {
			isa = XCBuildConfiguration;
			buildSettings = {
				CODE_SIGN_STYLE = Automatic;
				HEADER_SEARCH_PATHS = /usr/local/include;
				LIBRARY_SEARCH_PATHS = /usr/local/lib;
				PRODUCT_NAME = "$(TARGET_NAME)";
			};
			name = Release;
		};
/* End XCBuildConfiguration section */

/* Begin XCConfigurationList section */
		191A28DF213FB91A00DC21B2 /* Build configuration list for PBXProject "ParseFlatfile" */ = {
			isa = XCConfigurationList;
			buildConfigurations = (
				191A28E9213FB91A00DC21B2 /* Debug */,
				191A28EA213FB91A00DC21B2 /* Release */,
			);
			defaultConfigurationIsVisible = 0;
			defaultConfigurationName = Release;
		};
		191A28EB213FB91A00DC21B2 /* Build configuration list for PBXNativeTarget "ParseFlatfile" */ = {
			isa = XCConfigurationList;
			buildConfigurations = (
				191A28EC213FB91A00DC21B2 /* Debug */,
				191A28ED213FB91A00DC21B2 /* Release */,
			);
			defaultConfigurationIsVisible = 0;
			defaultConfigurationName = Release;
		};
/* End XCConfigurationList section */
	};
	rootObject = 191A28DC213FB91A00DC21B2 /* Project object */;
}
